
Microsoft Visual Studio Solution File, Format Version 12.00
# Visual Studio Version 17
VisualStudioVersion = 17.10.34928.147
MinimumVisualStudioVersion = 10.0.40219.1
Project("{8BC9CEB8-8B4A-11D0-8D11-00A0C91BC942}") = "Program", "Program.vcxproj", "{9A0A175D-668E-4F54-9117-C8454232606D}"
EndProject
Project("{8BC9CEB8-8B4A-11D0-8D11-00A0C91BC942}") = "Class2th (Class)", "..\Class2th (Class)\Class2th (Class).vcxproj", "{74A9B507-335A-4D4E-8A4D-A96FF4CCBFB8}"
EndProject
Project("{8BC9CEB8-8B4A-11D0-8D11-00A0C91BC942}") = "Class1th (Stream)", "..\Class1th (Stream)\Class1th (Stream).vcxproj", "{346520C0-4861-49D7-B5CC-CCAB299F6B2A}"
EndProject
Project("{8BC9CEB8-8B4A-11D0-8D11-00A0C91BC942}") = "Class3th (Constructor & Destructor)", "..\Class3th (Constructor & Destructor)\Class3th (Constructor & Destructor).vcxproj", "{D730B186-A6DF-48EE-B742-55C93C561D17}"
EndProject
Project("{8BC9CEB8-8B4A-11D0-8D11-00A0C91BC942}") = "Class4th (Shallowcopy&Deepcopy)", "..\Class4th (Shallowcopy&Deepcopy)\Class4th (Shallowcopy&Deepcopy).vcxproj", "{323182F8-6F8F-4ACE-A158-A3BCC348E03E}"
EndProject
Project("{8BC9CEB8-8B4A-11D0-8D11-00A0C91BC942}") = "Class5th (Inheritance)", "..\Class5th (Inheritance)\Class5th (Inheritance).vcxproj", "{BCB05B7E-A3F6-4C75-91AE-A1336BC457F6}"
EndProject
Project("{8BC9CEB8-8B4A-11D0-8D11-00A0C91BC942}") = "Class6th (Polymorphism)", "..\Class6th (Polymorphism)\Class6th (Polymorphism).vcxproj", "{5E98E5E5-B2EA-4309-A0A5-629D6D033318}"
EndProject
Project("{8BC9CEB8-8B4A-11D0-8D11-00A0C91BC942}") = "Class7th (Virtual Function)", "..\Class7th (Virtual Function)\Class7th (Virtual Function).vcxproj", "{35A46E0D-9EFF-4373-A0FB-77F14C255223}"
EndProject
Project("{8BC9CEB8-8B4A-11D0-8D11-00A0C91BC942}") = "Class8th (Abstract)", "..\Class8th (Abstract)\Class8th (Abstract).vcxproj", "{0804B606-4335-49BF-9A83-DCDB46DB781B}"
EndProject
Project("{8BC9CEB8-8B4A-11D0-8D11-00A0C91BC942}") = "Class9th (Operator Overloading)", "..\Class9th (Operator Overloading)\Class9th (Operator Overloading).vcxproj", "{9AC7DF50-C8C2-4BE3-82E8-6A2953F31DFD}"
EndProject
Project("{8BC9CEB8-8B4A-11D0-8D11-00A0C91BC942}") = "Class10th (Template)", "..\Class10th (Template)\Class10th (Template).vcxproj", "{9711A946-8BF8-49E7-9F48-EA588D029A88}"
EndProject
Project("{8BC9CEB8-8B4A-11D0-8D11-00A0C91BC942}") = "Class11th (Smart Pointer)", "..\Class11th (Smart Pointer)\Class11th (Smart Pointer).vcxproj", "{F4AA0662-3273-4C9C-9423-2136921827AA}"
EndProject
Project("{8BC9CEB8-8B4A-11D0-8D11-00A0C91BC942}") = "Class12th (Thread)", "..\Class12th (Thread)\Class12th (Thread).vcxproj", "{A6F1F145-97BE-421A-8025-77696A769BB4}"
EndProject
Project("{8BC9CEB8-8B4A-11D0-8D11-00A0C91BC942}") = "Class13th (Linear Container)", "..\Class13th (Linear Container)\Class13th (Linear Container).vcxproj", "{51AF3535-9014-4354-BA4F-23EECAEEC42C}"
EndProject
Project("{8BC9CEB8-8B4A-11D0-8D11-00A0C91BC942}") = "Class14th (Container Adapter)", "..\Class14th (Container Adapter)\Class14th (Container Adapter).vcxproj", "{B129EC09-B2B7-4B3B-836D-FEECB9852FFD}"
EndProject
Project("{8BC9CEB8-8B4A-11D0-8D11-00A0C91BC942}") = "Class15th (Associated Container)", "..\Class15th (Associated Container)\Class15th (Associated Container).vcxproj", "{D35F7559-102A-4163-971E-957DB4AFBA7E}"
EndProject
Global
	GlobalSection(SolutionConfigurationPlatforms) = preSolution
		Debug|x64 = Debug|x64
		Debug|x86 = Debug|x86
		Release|x64 = Release|x64
		Release|x86 = Release|x86
	EndGlobalSection
	GlobalSection(ProjectConfigurationPlatforms) = postSolution
		{9A0A175D-668E-4F54-9117-C8454232606D}.Debug|x64.ActiveCfg = Debug|x64
		{9A0A175D-668E-4F54-9117-C8454232606D}.Debug|x64.Build.0 = Debug|x64
		{9A0A175D-668E-4F54-9117-C8454232606D}.Debug|x86.ActiveCfg = Debug|Win32
		{9A0A175D-668E-4F54-9117-C8454232606D}.Debug|x86.Build.0 = Debug|Win32
		{9A0A175D-668E-4F54-9117-C8454232606D}.Release|x64.ActiveCfg = Release|x64
		{9A0A175D-668E-4F54-9117-C8454232606D}.Release|x64.Build.0 = Release|x64
		{9A0A175D-668E-4F54-9117-C8454232606D}.Release|x86.ActiveCfg = Release|Win32
		{9A0A175D-668E-4F54-9117-C8454232606D}.Release|x86.Build.0 = Release|Win32
		{74A9B507-335A-4D4E-8A4D-A96FF4CCBFB8}.Debug|x64.ActiveCfg = Debug|x64
		{74A9B507-335A-4D4E-8A4D-A96FF4CCBFB8}.Debug|x64.Build.0 = Debug|x64
		{74A9B507-335A-4D4E-8A4D-A96FF4CCBFB8}.Debug|x86.ActiveCfg = Debug|Win32
		{74A9B507-335A-4D4E-8A4D-A96FF4CCBFB8}.Debug|x86.Build.0 = Debug|Win32
		{74A9B507-335A-4D4E-8A4D-A96FF4CCBFB8}.Release|x64.ActiveCfg = Release|x64
		{74A9B507-335A-4D4E-8A4D-A96FF4CCBFB8}.Release|x64.Build.0 = Release|x64
		{74A9B507-335A-4D4E-8A4D-A96FF4CCBFB8}.Release|x86.ActiveCfg = Release|Win32
		{74A9B507-335A-4D4E-8A4D-A96FF4CCBFB8}.Release|x86.Build.0 = Release|Win32
		{346520C0-4861-49D7-B5CC-CCAB299F6B2A}.Debug|x64.ActiveCfg = Debug|x64
		{346520C0-4861-49D7-B5CC-CCAB299F6B2A}.Debug|x64.Build.0 = Debug|x64
		{346520C0-4861-49D7-B5CC-CCAB299F6B2A}.Debug|x86.ActiveCfg = Debug|Win32
		{346520C0-4861-49D7-B5CC-CCAB299F6B2A}.Debug|x86.Build.0 = Debug|Win32
		{346520C0-4861-49D7-B5CC-CCAB299F6B2A}.Release|x64.ActiveCfg = Release|x64
		{346520C0-4861-49D7-B5CC-CCAB299F6B2A}.Release|x64.Build.0 = Release|x64
		{346520C0-4861-49D7-B5CC-CCAB299F6B2A}.Release|x86.ActiveCfg = Release|Win32
		{346520C0-4861-49D7-B5CC-CCAB299F6B2A}.Release|x86.Build.0 = Release|Win32
		{D730B186-A6DF-48EE-B742-55C93C561D17}.Debug|x64.ActiveCfg = Debug|x64
		{D730B186-A6DF-48EE-B742-55C93C561D17}.Debug|x64.Build.0 = Debug|x64
		{D730B186-A6DF-48EE-B742-55C93C561D17}.Debug|x86.ActiveCfg = Debug|Win32
		{D730B186-A6DF-48EE-B742-55C93C561D17}.Debug|x86.Build.0 = Debug|Win32
		{D730B186-A6DF-48EE-B742-55C93C561D17}.Release|x64.ActiveCfg = Release|x64
		{D730B186-A6DF-48EE-B742-55C93C561D17}.Release|x64.Build.0 = Release|x64
		{D730B186-A6DF-48EE-B742-55C93C561D17}.Release|x86.ActiveCfg = Release|Win32
		{D730B186-A6DF-48EE-B742-55C93C561D17}.Release|x86.Build.0 = Release|Win32
		{323182F8-6F8F-4ACE-A158-A3BCC348E03E}.Debug|x64.ActiveCfg = Debug|x64
		{323182F8-6F8F-4ACE-A158-A3BCC348E03E}.Debug|x64.Build.0 = Debug|x64
		{323182F8-6F8F-4ACE-A158-A3BCC348E03E}.Debug|x86.ActiveCfg = Debug|Win32
		{323182F8-6F8F-4ACE-A158-A3BCC348E03E}.Debug|x86.Build.0 = Debug|Win32
		{323182F8-6F8F-4ACE-A158-A3BCC348E03E}.Release|x64.ActiveCfg = Release|x64
		{323182F8-6F8F-4ACE-A158-A3BCC348E03E}.Release|x64.Build.0 = Release|x64
		{323182F8-6F8F-4ACE-A158-A3BCC348E03E}.Release|x86.ActiveCfg = Release|Win32
		{323182F8-6F8F-4ACE-A158-A3BCC348E03E}.Release|x86.Build.0 = Release|Win32
		{BCB05B7E-A3F6-4C75-91AE-A1336BC457F6}.Debug|x64.ActiveCfg = Debug|x64
		{BCB05B7E-A3F6-4C75-91AE-A1336BC457F6}.Debug|x64.Build.0 = Debug|x64
		{BCB05B7E-A3F6-4C75-91AE-A1336BC457F6}.Debug|x86.ActiveCfg = Debug|Win32
		{BCB05B7E-A3F6-4C75-91AE-A1336BC457F6}.Debug|x86.Build.0 = Debug|Win32
		{BCB05B7E-A3F6-4C75-91AE-A1336BC457F6}.Release|x64.ActiveCfg = Release|x64
		{BCB05B7E-A3F6-4C75-91AE-A1336BC457F6}.Release|x64.Build.0 = Release|x64
		{BCB05B7E-A3F6-4C75-91AE-A1336BC457F6}.Release|x86.ActiveCfg = Release|Win32
		{BCB05B7E-A3F6-4C75-91AE-A1336BC457F6}.Release|x86.Build.0 = Release|Win32
		{5E98E5E5-B2EA-4309-A0A5-629D6D033318}.Debug|x64.ActiveCfg = Debug|x64
		{5E98E5E5-B2EA-4309-A0A5-629D6D033318}.Debug|x64.Build.0 = Debug|x64
		{5E98E5E5-B2EA-4309-A0A5-629D6D033318}.Debug|x86.ActiveCfg = Debug|Win32
		{5E98E5E5-B2EA-4309-A0A5-629D6D033318}.Debug|x86.Build.0 = Debug|Win32
		{5E98E5E5-B2EA-4309-A0A5-629D6D033318}.Release|x64.ActiveCfg = Release|x64
		{5E98E5E5-B2EA-4309-A0A5-629D6D033318}.Release|x64.Build.0 = Release|x64
		{5E98E5E5-B2EA-4309-A0A5-629D6D033318}.Release|x86.ActiveCfg = Release|Win32
		{5E98E5E5-B2EA-4309-A0A5-629D6D033318}.Release|x86.Build.0 = Release|Win32
		{35A46E0D-9EFF-4373-A0FB-77F14C255223}.Debug|x64.ActiveCfg = Debug|x64
		{35A46E0D-9EFF-4373-A0FB-77F14C255223}.Debug|x64.Build.0 = Debug|x64
		{35A46E0D-9EFF-4373-A0FB-77F14C255223}.Debug|x86.ActiveCfg = Debug|Win32
		{35A46E0D-9EFF-4373-A0FB-77F14C255223}.Debug|x86.Build.0 = Debug|Win32
		{35A46E0D-9EFF-4373-A0FB-77F14C255223}.Release|x64.ActiveCfg = Release|x64
		{35A46E0D-9EFF-4373-A0FB-77F14C255223}.Release|x64.Build.0 = Release|x64
		{35A46E0D-9EFF-4373-A0FB-77F14C255223}.Release|x86.ActiveCfg = Release|Win32
		{35A46E0D-9EFF-4373-A0FB-77F14C255223}.Release|x86.Build.0 = Release|Win32
		{0804B606-4335-49BF-9A83-DCDB46DB781B}.Debug|x64.ActiveCfg = Debug|x64
		{0804B606-4335-49BF-9A83-DCDB46DB781B}.Debug|x64.Build.0 = Debug|x64
		{0804B606-4335-49BF-9A83-DCDB46DB781B}.Debug|x86.ActiveCfg = Debug|Win32
		{0804B606-4335-49BF-9A83-DCDB46DB781B}.Debug|x86.Build.0 = Debug|Win32
		{0804B606-4335-49BF-9A83-DCDB46DB781B}.Release|x64.ActiveCfg = Release|x64
		{0804B606-4335-49BF-9A83-DCDB46DB781B}.Release|x64.Build.0 = Release|x64
		{0804B606-4335-49BF-9A83-DCDB46DB781B}.Release|x86.ActiveCfg = Release|Win32
		{0804B606-4335-49BF-9A83-DCDB46DB781B}.Release|x86.Build.0 = Release|Win32
		{9AC7DF50-C8C2-4BE3-82E8-6A2953F31DFD}.Debug|x64.ActiveCfg = Debug|x64
		{9AC7DF50-C8C2-4BE3-82E8-6A2953F31DFD}.Debug|x64.Build.0 = Debug|x64
		{9AC7DF50-C8C2-4BE3-82E8-6A2953F31DFD}.Debug|x86.ActiveCfg = Debug|Win32
		{9AC7DF50-C8C2-4BE3-82E8-6A2953F31DFD}.Debug|x86.Build.0 = Debug|Win32
		{9AC7DF50-C8C2-4BE3-82E8-6A2953F31DFD}.Release|x64.ActiveCfg = Release|x64
		{9AC7DF50-C8C2-4BE3-82E8-6A2953F31DFD}.Release|x64.Build.0 = Release|x64
		{9AC7DF50-C8C2-4BE3-82E8-6A2953F31DFD}.Release|x86.ActiveCfg = Release|Win32
		{9AC7DF50-C8C2-4BE3-82E8-6A2953F31DFD}.Release|x86.Build.0 = Release|Win32
		{9711A946-8BF8-49E7-9F48-EA588D029A88}.Debug|x64.ActiveCfg = Debug|x64
		{9711A946-8BF8-49E7-9F48-EA588D029A88}.Debug|x64.Build.0 = Debug|x64
		{9711A946-8BF8-49E7-9F48-EA588D029A88}.Debug|x86.ActiveCfg = Debug|Win32
		{9711A946-8BF8-49E7-9F48-EA588D029A88}.Debug|x86.Build.0 = Debug|Win32
		{9711A946-8BF8-49E7-9F48-EA588D029A88}.Release|x64.ActiveCfg = Release|x64
		{9711A946-8BF8-49E7-9F48-EA588D029A88}.Release|x64.Build.0 = Release|x64
		{9711A946-8BF8-49E7-9F48-EA588D029A88}.Release|x86.ActiveCfg = Release|Win32
		{9711A946-8BF8-49E7-9F48-EA588D029A88}.Release|x86.Build.0 = Release|Win32
		{F4AA0662-3273-4C9C-9423-2136921827AA}.Debug|x64.ActiveCfg = Debug|x64
		{F4AA0662-3273-4C9C-9423-2136921827AA}.Debug|x64.Build.0 = Debug|x64
		{F4AA0662-3273-4C9C-9423-2136921827AA}.Debug|x86.ActiveCfg = Debug|Win32
		{F4AA0662-3273-4C9C-9423-2136921827AA}.Debug|x86.Build.0 = Debug|Win32
		{F4AA0662-3273-4C9C-9423-2136921827AA}.Release|x64.ActiveCfg = Release|x64
		{F4AA0662-3273-4C9C-9423-2136921827AA}.Release|x64.Build.0 = Release|x64
		{F4AA0662-3273-4C9C-9423-2136921827AA}.Release|x86.ActiveCfg = Release|Win32
		{F4AA0662-3273-4C9C-9423-2136921827AA}.Release|x86.Build.0 = Release|Win32
		{A6F1F145-97BE-421A-8025-77696A769BB4}.Debug|x64.ActiveCfg = Debug|x64
		{A6F1F145-97BE-421A-8025-77696A769BB4}.Debug|x64.Build.0 = Debug|x64
		{A6F1F145-97BE-421A-8025-77696A769BB4}.Debug|x86.ActiveCfg = Debug|Win32
		{A6F1F145-97BE-421A-8025-77696A769BB4}.Debug|x86.Build.0 = Debug|Win32
		{A6F1F145-97BE-421A-8025-77696A769BB4}.Release|x64.ActiveCfg = Release|x64
		{A6F1F145-97BE-421A-8025-77696A769BB4}.Release|x64.Build.0 = Release|x64
		{A6F1F145-97BE-421A-8025-77696A769BB4}.Release|x86.ActiveCfg = Release|Win32
		{A6F1F145-97BE-421A-8025-77696A769BB4}.Release|x86.Build.0 = Release|Win32
		{51AF3535-9014-4354-BA4F-23EECAEEC42C}.Debug|x64.ActiveCfg = Debug|x64
		{51AF3535-9014-4354-BA4F-23EECAEEC42C}.Debug|x64.Build.0 = Debug|x64
		{51AF3535-9014-4354-BA4F-23EECAEEC42C}.Debug|x86.ActiveCfg = Debug|Win32
		{51AF3535-9014-4354-BA4F-23EECAEEC42C}.Debug|x86.Build.0 = Debug|Win32
		{51AF3535-9014-4354-BA4F-23EECAEEC42C}.Release|x64.ActiveCfg = Release|x64
		{51AF3535-9014-4354-BA4F-23EECAEEC42C}.Release|x64.Build.0 = Release|x64
		{51AF3535-9014-4354-BA4F-23EECAEEC42C}.Release|x86.ActiveCfg = Release|Win32
		{51AF3535-9014-4354-BA4F-23EECAEEC42C}.Release|x86.Build.0 = Release|Win32
		{B129EC09-B2B7-4B3B-836D-FEECB9852FFD}.Debug|x64.ActiveCfg = Debug|x64
		{B129EC09-B2B7-4B3B-836D-FEECB9852FFD}.Debug|x64.Build.0 = Debug|x64
		{B129EC09-B2B7-4B3B-836D-FEECB9852FFD}.Debug|x86.ActiveCfg = Debug|Win32
		{B129EC09-B2B7-4B3B-836D-FEECB9852FFD}.Debug|x86.Build.0 = Debug|Win32
		{B129EC09-B2B7-4B3B-836D-FEECB9852FFD}.Release|x64.ActiveCfg = Release|x64
		{B129EC09-B2B7-4B3B-836D-FEECB9852FFD}.Release|x64.Build.0 = Release|x64
		{B129EC09-B2B7-4B3B-836D-FEECB9852FFD}.Release|x86.ActiveCfg = Release|Win32
		{B129EC09-B2B7-4B3B-836D-FEECB9852FFD}.Release|x86.Build.0 = Release|Win32
		{D35F7559-102A-4163-971E-957DB4AFBA7E}.Debug|x64.ActiveCfg = Debug|x64
		{D35F7559-102A-4163-971E-957DB4AFBA7E}.Debug|x64.Build.0 = Debug|x64
		{D35F7559-102A-4163-971E-957DB4AFBA7E}.Debug|x86.ActiveCfg = Debug|Win32
		{D35F7559-102A-4163-971E-957DB4AFBA7E}.Debug|x86.Build.0 = Debug|Win32
		{D35F7559-102A-4163-971E-957DB4AFBA7E}.Release|x64.ActiveCfg = Release|x64
		{D35F7559-102A-4163-971E-957DB4AFBA7E}.Release|x64.Build.0 = Release|x64
		{D35F7559-102A-4163-971E-957DB4AFBA7E}.Release|x86.ActiveCfg = Release|Win32
		{D35F7559-102A-4163-971E-957DB4AFBA7E}.Release|x86.Build.0 = Release|Win32
	EndGlobalSection
	GlobalSection(SolutionProperties) = preSolution
		HideSolutionNode = FALSE
	EndGlobalSection
	GlobalSection(ExtensibilityGlobals) = postSolution
		SolutionGuid = {631B64E4-6F3C-4ADF-82E3-0EE101B14A06}
	EndGlobalSection
EndGlobal
